
Microsoft Visual Studio Solution File, Format Version 12.00
# Visual Studio Version 17
VisualStudioVersion = 17.10.35027.167
MinimumVisualStudioVersion = 10.0.40219.1
Project("{FAE04EC0-301F-11D3-BF4B-00C04F79EFBC}") = "SmartShip.GUI", "SmartShip.GUI\SmartShip.GUI.csproj", "{5D5ED1C7-7A3B-49A0-BC9A-CDB10DFD8D78}"
EndProject
Project("{FAE04EC0-301F-11D3-BF4B-00C04F79EFBC}") = "SmartShip.DAL", "SmartShip.DAL\SmartShip.DAL.csproj", "{579A137B-E16E-43EB-9152-A308CE716BDB}"
EndProject
Project("{2150E333-8FDC-42A3-9474-1A3956D46DE8}") = "Solution Items", "Solution Items", "{93CF5469-1532-4072-95BE-4F8649C0F6E6}"
	ProjectSection(SolutionItems) = preProject
		.gitignore = .gitignore
	EndProjectSection
EndProject
Project("{FAE04EC0-301F-11D3-BF4B-00C04F79EFBC}") = "SmartShip.BUS", "SmartShip.BUS\SmartShip.BUS.csproj", "{1D1A8A41-5768-4A49-8E34-5ED6BBB388AF}"
EndProject
Global
	GlobalSection(SolutionConfigurationPlatforms) = preSolution
		Debug|Any CPU = Debug|Any CPU
		Release|Any CPU = Release|Any CPU
	EndGlobalSection
	GlobalSection(ProjectConfigurationPlatforms) = postSolution
		{5D5ED1C7-7A3B-49A0-BC9A-CDB10DFD8D78}.Debug|Any CPU.ActiveCfg = Debug|Any CPU
		{5D5ED1C7-7A3B-49A0-BC9A-CDB10DFD8D78}.Debug|Any CPU.Build.0 = Debug|Any CPU
		{5D5ED1C7-7A3B-49A0-BC9A-CDB10DFD8D78}.Release|Any CPU.ActiveCfg = Release|Any CPU
		{5D5ED1C7-7A3B-49A0-BC9A-CDB10DFD8D78}.Release|Any CPU.Build.0 = Release|Any CPU
		{579A137B-E16E-43EB-9152-A308CE716BDB}.Debug|Any CPU.ActiveCfg = Debug|Any CPU
		{579A137B-E16E-43EB-9152-A308CE716BDB}.Debug|Any CPU.Build.0 = Debug|Any CPU
		{579A137B-E16E-43EB-9152-A308CE716BDB}.Release|Any CPU.ActiveCfg = Release|Any CPU
		{579A137B-E16E-43EB-9152-A308CE716BDB}.Release|Any CPU.Build.0 = Release|Any CPU
		{1D1A8A41-5768-4A49-8E34-5ED6BBB388AF}.Debug|Any CPU.ActiveCfg = Debug|Any CPU
		{1D1A8A41-5768-4A49-8E34-5ED6BBB388AF}.Debug|Any CPU.Build.0 = Debug|Any CPU
		{1D1A8A41-5768-4A49-8E34-5ED6BBB388AF}.Release|Any CPU.ActiveCfg = Release|Any CPU
		{1D1A8A41-5768-4A49-8E34-5ED6BBB388AF}.Release|Any CPU.Build.0 = Release|Any CPU
	EndGlobalSection
	GlobalSection(SolutionProperties) = preSolution
		HideSolutionNode = FALSE
	EndGlobalSection
	GlobalSection(ExtensibilityGlobals) = postSolution
		SolutionGuid = {5DE98D7C-3CD9-49E6-84C5-9105A61230AE}
	EndGlobalSection
EndGlobal
